PODS:
  - Bow (0.8.0)
  - BowEffects (0.8.0):
    - Bow (~> 0.8.0)
  - Realm (10.10.0):
    - Realm/Headers (= 10.10.0)
  - Realm/Headers (10.10.0)
  - RealmSwift (10.10.0):
    - Realm (= 10.10.0)
  - SwiftLint (0.27.0)

DEPENDENCIES:
  - Bow
  - BowEffects
  - RealmSwift
  - SwiftLint

SPEC REPOS:
  https://github.com/CocoaPods/Specs.git:
    - SwiftLint
  trunk:
    - Bow
    - BowEffects
    - Realm
    - RealmSwift

SPEC CHECKSUMS:
  Bow: a709b8d14ac59d7f1d2f8388891c8632628e7575
  BowEffects: 16ba770445cbbd0f58c5c9f53edfa3c63098d49e
  Realm: f501df41a4222c67850c77cf135d472192ecf294
  RealmSwift: c69aadfc7db0d60075178d037c2f34ada73d5201
  SwiftLint: 3207c1faa2240bf8973b191820a116113cd11073

PODFILE CHECKSUM: 272aab011bce79467fe573d36e71381a215adfeb

COCOAPODS: 1.11.0
